
Microsoft Visual Studio Solution File, Format Version 12.00
# Visual Studio 2012
Project("{D954291E-2A0B-460D-934E-DC6B0785DB48}") = "MultiscreenXamarin", "MultiscreenXamarin\MultiscreenXamarin.shproj", "{77C89413-DA23-4489-AD6E-43D9DF978369}"
EndProject
Project("{FAE04EC0-301F-11D3-BF4B-00C04F79EFBC}") = "MultiscreenXamarin.iOS", "iOS\MultiscreenXamarin.iOS.csproj", "{37689EB5-FE1C-4F15-825E-D44DC6B3F607}"
EndProject
Project("{FAE04EC0-301F-11D3-BF4B-00C04F79EFBC}") = "MultiscreenXamarin.Droid", "Droid\MultiscreenXamarin.Droid.csproj", "{7C12A202-3A36-411B-BE5A-6E05A015ADEE}"
EndProject
Project("{FAE04EC0-301F-11D3-BF4B-00C04F79EFBC}") = "PokedexNET", "..\..\..\Downloads\PokedexNET_Starter-master\PokedexNET.csproj", "{32051164-C8CC-4F3A-BB10-6CBE77192EDA}"
EndProject
Global
	GlobalSection(SolutionConfigurationPlatforms) = preSolution
		Debug|iPhoneSimulator = Debug|iPhoneSimulator
		Release|iPhone = Release|iPhone
		Release|iPhoneSimulator = Release|iPhoneSimulator
		Debug|iPhone = Debug|iPhone
		Debug|Any CPU = Debug|Any CPU
		Release|Any CPU = Release|Any CPU
	EndGlobalSection
	GlobalSection(ProjectConfigurationPlatforms) = postSolution
		{37689EB5-FE1C-4F15-825E-D44DC6B3F607}.Debug|iPhoneSimulator.ActiveCfg = Debug|iPhoneSimulator
		{37689EB5-FE1C-4F15-825E-D44DC6B3F607}.Debug|iPhoneSimulator.Build.0 = Debug|iPhoneSimulator
		{37689EB5-FE1C-4F15-825E-D44DC6B3F607}.Release|iPhone.ActiveCfg = Release|iPhone
		{37689EB5-FE1C-4F15-825E-D44DC6B3F607}.Release|iPhone.Build.0 = Release|iPhone
		{37689EB5-FE1C-4F15-825E-D44DC6B3F607}.Release|iPhoneSimulator.ActiveCfg = Release|iPhoneSimulator
		{37689EB5-FE1C-4F15-825E-D44DC6B3F607}.Release|iPhoneSimulator.Build.0 = Release|iPhoneSimulator
		{37689EB5-FE1C-4F15-825E-D44DC6B3F607}.Debug|iPhone.ActiveCfg = Debug|iPhone
		{37689EB5-FE1C-4F15-825E-D44DC6B3F607}.Debug|iPhone.Build.0 = Debug|iPhone
		{37689EB5-FE1C-4F15-825E-D44DC6B3F607}.Debug|Any CPU.ActiveCfg = Debug|iPhoneSimulator
		{37689EB5-FE1C-4F15-825E-D44DC6B3F607}.Debug|Any CPU.Build.0 = Debug|iPhoneSimulator
		{37689EB5-FE1C-4F15-825E-D44DC6B3F607}.Release|Any CPU.ActiveCfg = Release|iPhone
		{37689EB5-FE1C-4F15-825E-D44DC6B3F607}.Release|Any CPU.Build.0 = Release|iPhone
		{7C12A202-3A36-411B-BE5A-6E05A015ADEE}.Debug|iPhoneSimulator.ActiveCfg = Debug|Any CPU
		{7C12A202-3A36-411B-BE5A-6E05A015ADEE}.Debug|iPhoneSimulator.Build.0 = Debug|Any CPU
		{7C12A202-3A36-411B-BE5A-6E05A015ADEE}.Release|iPhone.ActiveCfg = Release|Any CPU
		{7C12A202-3A36-411B-BE5A-6E05A015ADEE}.Release|iPhone.Build.0 = Release|Any CPU
		{7C12A202-3A36-411B-BE5A-6E05A015ADEE}.Release|iPhoneSimulator.ActiveCfg = Release|Any CPU
		{7C12A202-3A36-411B-BE5A-6E05A015ADEE}.Release|iPhoneSimulator.Build.0 = Release|Any CPU
		{7C12A202-3A36-411B-BE5A-6E05A015ADEE}.Debug|iPhone.ActiveCfg = Debug|Any CPU
		{7C12A202-3A36-411B-BE5A-6E05A015ADEE}.Debug|iPhone.Build.0 = Debug|Any CPU
		{7C12A202-3A36-411B-BE5A-6E05A015ADEE}.Debug|Any CPU.ActiveCfg = Debug|Any CPU
		{7C12A202-3A36-411B-BE5A-6E05A015ADEE}.Debug|Any CPU.Build.0 = Debug|Any CPU
		{7C12A202-3A36-411B-BE5A-6E05A015ADEE}.Release|Any CPU.ActiveCfg = Release|Any CPU
		{7C12A202-3A36-411B-BE5A-6E05A015ADEE}.Release|Any CPU.Build.0 = Release|Any CPU
		{32051164-C8CC-4F3A-BB10-6CBE77192EDA}.Debug|iPhoneSimulator.ActiveCfg = Debug|Any CPU
		{32051164-C8CC-4F3A-BB10-6CBE77192EDA}.Debug|iPhoneSimulator.Build.0 = Debug|Any CPU
		{32051164-C8CC-4F3A-BB10-6CBE77192EDA}.Release|iPhone.ActiveCfg = Release|Any CPU
		{32051164-C8CC-4F3A-BB10-6CBE77192EDA}.Release|iPhone.Build.0 = Release|Any CPU
		{32051164-C8CC-4F3A-BB10-6CBE77192EDA}.Release|iPhoneSimulator.ActiveCfg = Release|Any CPU
		{32051164-C8CC-4F3A-BB10-6CBE77192EDA}.Release|iPhoneSimulator.Build.0 = Release|Any CPU
		{32051164-C8CC-4F3A-BB10-6CBE77192EDA}.Debug|iPhone.ActiveCfg = Debug|Any CPU
		{32051164-C8CC-4F3A-BB10-6CBE77192EDA}.Debug|iPhone.Build.0 = Debug|Any CPU
		{32051164-C8CC-4F3A-BB10-6CBE77192EDA}.Debug|Any CPU.ActiveCfg = Debug|Any CPU
		{32051164-C8CC-4F3A-BB10-6CBE77192EDA}.Debug|Any CPU.Build.0 = Debug|Any CPU
		{32051164-C8CC-4F3A-BB10-6CBE77192EDA}.Release|Any CPU.ActiveCfg = Release|Any CPU
		{32051164-C8CC-4F3A-BB10-6CBE77192EDA}.Release|Any CPU.Build.0 = Release|Any CPU
	EndGlobalSection
EndGlobal
