
Microsoft Visual Studio Solution File, Format Version 12.00
# Visual Studio 2012
Project("{D954291E-2A0B-460D-934E-DC6B0785DB48}") = "Multiscreen-Xamarin", "Multiscreen-Xamarin\Multiscreen-Xamarin.shproj", "{483410D4-20DA-44DF-A37D-BE51E080BBE8}"
EndProject
Project("{FAE04EC0-301F-11D3-BF4B-00C04F79EFBC}") = "Multiscreen-Xamarin.iOS", "iOS\Multiscreen-Xamarin.iOS.csproj", "{211DE732-03E3-412F-B3F0-28C323C49407}"
EndProject
Project("{FAE04EC0-301F-11D3-BF4B-00C04F79EFBC}") = "Multiscreen-Xamarin.Droid", "Droid\Multiscreen-Xamarin.Droid.csproj", "{B7F11A52-FB86-46C3-B0D0-2DE93A7BCB54}"
EndProject
Global
	GlobalSection(SolutionConfigurationPlatforms) = preSolution
		Debug|iPhoneSimulator = Debug|iPhoneSimulator
		Release|iPhone = Release|iPhone
		Release|iPhoneSimulator = Release|iPhoneSimulator
		Debug|iPhone = Debug|iPhone
		Debug|Any CPU = Debug|Any CPU
		Release|Any CPU = Release|Any CPU
	EndGlobalSection
	GlobalSection(ProjectConfigurationPlatforms) = postSolution
		{211DE732-03E3-412F-B3F0-28C323C49407}.Debug|iPhoneSimulator.ActiveCfg = Debug|iPhoneSimulator
		{211DE732-03E3-412F-B3F0-28C323C49407}.Debug|iPhoneSimulator.Build.0 = Debug|iPhoneSimulator
		{211DE732-03E3-412F-B3F0-28C323C49407}.Release|iPhone.ActiveCfg = Release|iPhone
		{211DE732-03E3-412F-B3F0-28C323C49407}.Release|iPhone.Build.0 = Release|iPhone
		{211DE732-03E3-412F-B3F0-28C323C49407}.Release|iPhoneSimulator.ActiveCfg = Release|iPhoneSimulator
		{211DE732-03E3-412F-B3F0-28C323C49407}.Release|iPhoneSimulator.Build.0 = Release|iPhoneSimulator
		{211DE732-03E3-412F-B3F0-28C323C49407}.Debug|iPhone.ActiveCfg = Debug|iPhone
		{211DE732-03E3-412F-B3F0-28C323C49407}.Debug|iPhone.Build.0 = Debug|iPhone
		{211DE732-03E3-412F-B3F0-28C323C49407}.Debug|Any CPU.ActiveCfg = Debug|iPhoneSimulator
		{211DE732-03E3-412F-B3F0-28C323C49407}.Debug|Any CPU.Build.0 = Debug|iPhoneSimulator
		{211DE732-03E3-412F-B3F0-28C323C49407}.Release|Any CPU.ActiveCfg = Release|iPhone
		{211DE732-03E3-412F-B3F0-28C323C49407}.Release|Any CPU.Build.0 = Release|iPhone
		{B7F11A52-FB86-46C3-B0D0-2DE93A7BCB54}.Debug|iPhoneSimulator.ActiveCfg = Debug|Any CPU
		{B7F11A52-FB86-46C3-B0D0-2DE93A7BCB54}.Debug|iPhoneSimulator.Build.0 = Debug|Any CPU
		{B7F11A52-FB86-46C3-B0D0-2DE93A7BCB54}.Release|iPhone.ActiveCfg = Release|Any CPU
		{B7F11A52-FB86-46C3-B0D0-2DE93A7BCB54}.Release|iPhone.Build.0 = Release|Any CPU
		{B7F11A52-FB86-46C3-B0D0-2DE93A7BCB54}.Release|iPhoneSimulator.ActiveCfg = Release|Any CPU
		{B7F11A52-FB86-46C3-B0D0-2DE93A7BCB54}.Release|iPhoneSimulator.Build.0 = Release|Any CPU
		{B7F11A52-FB86-46C3-B0D0-2DE93A7BCB54}.Debug|iPhone.ActiveCfg = Debug|Any CPU
		{B7F11A52-FB86-46C3-B0D0-2DE93A7BCB54}.Debug|iPhone.Build.0 = Debug|Any CPU
		{B7F11A52-FB86-46C3-B0D0-2DE93A7BCB54}.Debug|Any CPU.ActiveCfg = Debug|Any CPU
		{B7F11A52-FB86-46C3-B0D0-2DE93A7BCB54}.Debug|Any CPU.Build.0 = Debug|Any CPU
		{B7F11A52-FB86-46C3-B0D0-2DE93A7BCB54}.Release|Any CPU.ActiveCfg = Release|Any CPU
		{B7F11A52-FB86-46C3-B0D0-2DE93A7BCB54}.Release|Any CPU.Build.0 = Release|Any CPU
	EndGlobalSection
EndGlobal
